
Microsoft Visual Studio Solution File, Format Version 12.00
# Visual Studio Version 17
VisualStudioVersion = 17.5.33414.496
MinimumVisualStudioVersion = 10.0.40219.1
Project("{FAE04EC0-301F-11D3-BF4B-00C04F79EFBC}") = "BancolombiaApp", "BancolombiaApp.csproj", "{DD3EA462-DDB6-44E2-839A-3B09EF8C3B6E}"
EndProject
Global
	GlobalSection(SolutionConfigurationPlatforms) = preSolution
		Debug|Any CPU = Debug|Any CPU
		Release|Any CPU = Release|Any CPU
	EndGlobalSection
	GlobalSection(ProjectConfigurationPlatforms) = postSolution
		{DD3EA462-DDB6-44E2-839A-3B09EF8C3B6E}.Debug|Any CPU.ActiveCfg = Debug|Any CPU
		{DD3EA462-DDB6-44E2-839A-3B09EF8C3B6E}.Debug|Any CPU.Build.0 = Debug|Any CPU
		{DD3EA462-DDB6-44E2-839A-3B09EF8C3B6E}.Release|Any CPU.ActiveCfg = Release|Any CPU
		{DD3EA462-DDB6-44E2-839A-3B09EF8C3B6E}.Release|Any CPU.Build.0 = Release|Any CPU
	EndGlobalSection
	GlobalSection(SolutionProperties) = preSolution
		HideSolutionNode = FALSE
	EndGlobalSection
	GlobalSection(ExtensibilityGlobals) = postSolution
		SolutionGuid = {72FE059A-297D-45F5-B3DA-B4EA0ED65689}
	EndGlobalSection
EndGlobal
